
Microsoft Visual Studio Solution File, Format Version 12.00
# Visual Studio Version 17
VisualStudioVersion = 17.3.32804.467
MinimumVisualStudioVersion = 10.0.40219.1
Project("{FAE04EC0-301F-11D3-BF4B-00C04F79EFBC}") = "ComplexNumbers", "ComplexNumbers\ComplexNumbers.csproj", "{6122B709-61D3-42BE-9720-5EFA00CF6F4C}"
EndProject
Global
	GlobalSection(SolutionConfigurationPlatforms) = preSolution
		Debug|Any CPU = Debug|Any CPU
		Release|Any CPU = Release|Any CPU
	EndGlobalSection
	GlobalSection(ProjectConfigurationPlatforms) = postSolution
		{6122B709-61D3-42BE-9720-5EFA00CF6F4C}.Debug|Any CPU.ActiveCfg = Debug|Any CPU
		{6122B709-61D3-42BE-9720-5EFA00CF6F4C}.Debug|Any CPU.Build.0 = Debug|Any CPU
		{6122B709-61D3-42BE-9720-5EFA00CF6F4C}.Release|Any CPU.ActiveCfg = Release|Any CPU
		{6122B709-61D3-42BE-9720-5EFA00CF6F4C}.Release|Any CPU.Build.0 = Release|Any CPU
	EndGlobalSection
	GlobalSection(SolutionProperties) = preSolution
		HideSolutionNode = FALSE
	EndGlobalSection
	GlobalSection(ExtensibilityGlobals) = postSolution
		SolutionGuid = {A77E5EF6-E262-4214-9EB1-9030B4B8974B}
	EndGlobalSection
EndGlobal
