
Microsoft Visual Studio Solution File, Format Version 12.00
# Visual Studio Version 17
VisualStudioVersion = 17.3.32804.467
MinimumVisualStudioVersion = 10.0.40219.1
Project("{FAE04EC0-301F-11D3-BF4B-00C04F79EFBC}") = "RandomNumber", "RandomNumber\RandomNumber.csproj", "{BC2F05A0-A1D9-4961-8847-8883A0BB9DB8}"
EndProject
Global
	GlobalSection(SolutionConfigurationPlatforms) = preSolution
		Debug|Any CPU = Debug|Any CPU
		Release|Any CPU = Release|Any CPU
	EndGlobalSection
	GlobalSection(ProjectConfigurationPlatforms) = postSolution
		{BC2F05A0-A1D9-4961-8847-8883A0BB9DB8}.Debug|Any CPU.ActiveCfg = Debug|Any CPU
		{BC2F05A0-A1D9-4961-8847-8883A0BB9DB8}.Debug|Any CPU.Build.0 = Debug|Any CPU
		{BC2F05A0-A1D9-4961-8847-8883A0BB9DB8}.Release|Any CPU.ActiveCfg = Release|Any CPU
		{BC2F05A0-A1D9-4961-8847-8883A0BB9DB8}.Release|Any CPU.Build.0 = Release|Any CPU
	EndGlobalSection
	GlobalSection(SolutionProperties) = preSolution
		HideSolutionNode = FALSE
	EndGlobalSection
	GlobalSection(ExtensibilityGlobals) = postSolution
		SolutionGuid = {B5E1E9E7-6E27-41D3-8A00-EE405816B987}
	EndGlobalSection
EndGlobal
