
Microsoft Visual Studio Solution File, Format Version 12.00
# Visual Studio Version 17
VisualStudioVersion = 17.3.32819.101
MinimumVisualStudioVersion = 10.0.40219.1
Project("{FAE04EC0-301F-11D3-BF4B-00C04F79EFBC}") = "Base", "Base\Base.csproj", "{C7484720-C560-4011-9087-B48D651209CF}"
EndProject
Global
	GlobalSection(SolutionConfigurationPlatforms) = preSolution
		Debug|Any CPU = Debug|Any CPU
		Release|Any CPU = Release|Any CPU
	EndGlobalSection
	GlobalSection(ProjectConfigurationPlatforms) = postSolution
		{C7484720-C560-4011-9087-B48D651209CF}.Debug|Any CPU.ActiveCfg = Debug|Any CPU
		{C7484720-C560-4011-9087-B48D651209CF}.Debug|Any CPU.Build.0 = Debug|Any CPU
		{C7484720-C560-4011-9087-B48D651209CF}.Release|Any CPU.ActiveCfg = Release|Any CPU
		{C7484720-C560-4011-9087-B48D651209CF}.Release|Any CPU.Build.0 = Release|Any CPU
	EndGlobalSection
	GlobalSection(SolutionProperties) = preSolution
		HideSolutionNode = FALSE
	EndGlobalSection
	GlobalSection(ExtensibilityGlobals) = postSolution
		SolutionGuid = {5FB785BD-A551-4B9A-92DA-473C4A36CF59}
	EndGlobalSection
EndGlobal
