
Microsoft Visual Studio Solution File, Format Version 12.00
# Visual Studio Version 17
VisualStudioVersion = 17.2.32616.157
MinimumVisualStudioVersion = 10.0.40219.1
Project("{FAE04EC0-301F-11D3-BF4B-00C04F79EFBC}") = "About__ListDictArray", "About__ListDictArray\About__ListDictArray.csproj", "{80BE1A03-6228-4E26-BDBF-F029A8B7EE92}"
EndProject
Global
	GlobalSection(SolutionConfigurationPlatforms) = preSolution
		Debug|Any CPU = Debug|Any CPU
		Release|Any CPU = Release|Any CPU
	EndGlobalSection
	GlobalSection(ProjectConfigurationPlatforms) = postSolution
		{80BE1A03-6228-4E26-BDBF-F029A8B7EE92}.Debug|Any CPU.ActiveCfg = Debug|Any CPU
		{80BE1A03-6228-4E26-BDBF-F029A8B7EE92}.Debug|Any CPU.Build.0 = Debug|Any CPU
		{80BE1A03-6228-4E26-BDBF-F029A8B7EE92}.Release|Any CPU.ActiveCfg = Release|Any CPU
		{80BE1A03-6228-4E26-BDBF-F029A8B7EE92}.Release|Any CPU.Build.0 = Release|Any CPU
	EndGlobalSection
	GlobalSection(SolutionProperties) = preSolution
		HideSolutionNode = FALSE
	EndGlobalSection
	GlobalSection(ExtensibilityGlobals) = postSolution
		SolutionGuid = {6DD88F6D-7BED-4DEF-A581-E8968CB26558}
	EndGlobalSection
EndGlobal
