
Microsoft Visual Studio Solution File, Format Version 12.00
# Visual Studio Version 17
VisualStudioVersion = 17.3.32804.467
MinimumVisualStudioVersion = 10.0.40219.1
Project("{FAE04EC0-301F-11D3-BF4B-00C04F79EFBC}") = "Delegats", "Delegats\Delegats.csproj", "{46218AB6-6C03-4991-AC6B-E089874C25D0}"
EndProject
Global
	GlobalSection(SolutionConfigurationPlatforms) = preSolution
		Debug|Any CPU = Debug|Any CPU
		Release|Any CPU = Release|Any CPU
	EndGlobalSection
	GlobalSection(ProjectConfigurationPlatforms) = postSolution
		{46218AB6-6C03-4991-AC6B-E089874C25D0}.Debug|Any CPU.ActiveCfg = Debug|Any CPU
		{46218AB6-6C03-4991-AC6B-E089874C25D0}.Debug|Any CPU.Build.0 = Debug|Any CPU
		{46218AB6-6C03-4991-AC6B-E089874C25D0}.Release|Any CPU.ActiveCfg = Release|Any CPU
		{46218AB6-6C03-4991-AC6B-E089874C25D0}.Release|Any CPU.Build.0 = Release|Any CPU
	EndGlobalSection
	GlobalSection(SolutionProperties) = preSolution
		HideSolutionNode = FALSE
	EndGlobalSection
	GlobalSection(ExtensibilityGlobals) = postSolution
		SolutionGuid = {1E6DC902-0A32-47DD-9159-770F9045884E}
	EndGlobalSection
EndGlobal
